
Microsoft Visual Studio Solution File, Format Version 12.00
# Visual Studio Version 16
VisualStudioVersion = 16.0.32228.343
MinimumVisualStudioVersion = 10.0.40219.1
Project("{FAE04EC0-301F-11D3-BF4B-00C04F79EFBC}") = "RI7LATY", "RI7LATY\RI7LATY.csproj", "{0851B772-2289-472A-9496-0F742AD731DE}"
EndProject
Project("{FAE04EC0-301F-11D3-BF4B-00C04F79EFBC}") = "ADMINISTRATION", "ADMINISTRATION\ADMINISTRATION.csproj", "{1892D592-412A-4C4E-8EFC-E13C30C6C96F}"
EndProject
Project("{FAE04EC0-301F-11D3-BF4B-00C04F79EFBC}") = "AGENCE", "AGENCE\AGENCE.csproj", "{0DE3E7AF-93A5-4130-94F8-92A732322C75}"
EndProject
Project("{FAE04EC0-301F-11D3-BF4B-00C04F79EFBC}") = "R.DAL", "R.DAL\R.DAL.csproj", "{9EA33D59-2F1B-4B5C-98E2-6AE74FD6F110}"
EndProject
Global
	GlobalSection(SolutionConfigurationPlatforms) = preSolution
		Debug|Any CPU = Debug|Any CPU
		Release|Any CPU = Release|Any CPU
	EndGlobalSection
	GlobalSection(ProjectConfigurationPlatforms) = postSolution
		{0851B772-2289-472A-9496-0F742AD731DE}.Debug|Any CPU.ActiveCfg = Debug|Any CPU
		{0851B772-2289-472A-9496-0F742AD731DE}.Debug|Any CPU.Build.0 = Debug|Any CPU
		{0851B772-2289-472A-9496-0F742AD731DE}.Release|Any CPU.ActiveCfg = Release|Any CPU
		{0851B772-2289-472A-9496-0F742AD731DE}.Release|Any CPU.Build.0 = Release|Any CPU
		{1892D592-412A-4C4E-8EFC-E13C30C6C96F}.Debug|Any CPU.ActiveCfg = Debug|Any CPU
		{1892D592-412A-4C4E-8EFC-E13C30C6C96F}.Debug|Any CPU.Build.0 = Debug|Any CPU
		{1892D592-412A-4C4E-8EFC-E13C30C6C96F}.Release|Any CPU.ActiveCfg = Release|Any CPU
		{1892D592-412A-4C4E-8EFC-E13C30C6C96F}.Release|Any CPU.Build.0 = Release|Any CPU
		{0DE3E7AF-93A5-4130-94F8-92A732322C75}.Debug|Any CPU.ActiveCfg = Debug|Any CPU
		{0DE3E7AF-93A5-4130-94F8-92A732322C75}.Debug|Any CPU.Build.0 = Debug|Any CPU
		{0DE3E7AF-93A5-4130-94F8-92A732322C75}.Release|Any CPU.ActiveCfg = Release|Any CPU
		{0DE3E7AF-93A5-4130-94F8-92A732322C75}.Release|Any CPU.Build.0 = Release|Any CPU
		{9EA33D59-2F1B-4B5C-98E2-6AE74FD6F110}.Debug|Any CPU.ActiveCfg = Debug|Any CPU
		{9EA33D59-2F1B-4B5C-98E2-6AE74FD6F110}.Debug|Any CPU.Build.0 = Debug|Any CPU
		{9EA33D59-2F1B-4B5C-98E2-6AE74FD6F110}.Release|Any CPU.ActiveCfg = Release|Any CPU
		{9EA33D59-2F1B-4B5C-98E2-6AE74FD6F110}.Release|Any CPU.Build.0 = Release|Any CPU
	EndGlobalSection
	GlobalSection(SolutionProperties) = preSolution
		HideSolutionNode = FALSE
	EndGlobalSection
	GlobalSection(ExtensibilityGlobals) = postSolution
		SolutionGuid = {E0B6DB29-2962-4AF6-82C2-1A14AF627C52}
	EndGlobalSection
EndGlobal
